
Microsoft Visual Studio Solution File, Format Version 12.00
# Visual Studio Version 17
VisualStudioVersion = 17.14.36908.2 d17.14
MinimumVisualStudioVersion = 10.0.40219.1
Project("{8BC9CEB8-8B4A-11D0-8D11-00A0C91BC942}") = "homwork37Solution", "homwork37Solution\homwork37Solution.vcxproj", "{E88FDF50-8B2A-49F8-94F8-5BA1D160C6E0}"
EndProject
Global
	GlobalSection(SolutionConfigurationPlatforms) = preSolution
		Debug|x64 = Debug|x64
		Debug|x86 = Debug|x86
		Release|x64 = Release|x64
		Release|x86 = Release|x86
	EndGlobalSection
	GlobalSection(ProjectConfigurationPlatforms) = postSolution
		{E88FDF50-8B2A-49F8-94F8-5BA1D160C6E0}.Debug|x64.ActiveCfg = Debug|x64
		{E88FDF50-8B2A-49F8-94F8-5BA1D160C6E0}.Debug|x64.Build.0 = Debug|x64
		{E88FDF50-8B2A-49F8-94F8-5BA1D160C6E0}.Debug|x86.ActiveCfg = Debug|Win32
		{E88FDF50-8B2A-49F8-94F8-5BA1D160C6E0}.Debug|x86.Build.0 = Debug|Win32
		{E88FDF50-8B2A-49F8-94F8-5BA1D160C6E0}.Release|x64.ActiveCfg = Release|x64
		{E88FDF50-8B2A-49F8-94F8-5BA1D160C6E0}.Release|x64.Build.0 = Release|x64
		{E88FDF50-8B2A-49F8-94F8-5BA1D160C6E0}.Release|x86.ActiveCfg = Release|Win32
		{E88FDF50-8B2A-49F8-94F8-5BA1D160C6E0}.Release|x86.Build.0 = Release|Win32
	EndGlobalSection
	GlobalSection(SolutionProperties) = preSolution
		HideSolutionNode = FALSE
	EndGlobalSection
	GlobalSection(ExtensibilityGlobals) = postSolution
		SolutionGuid = {CE15EA2C-1748-4808-B01F-64DA01D838B2}
	EndGlobalSection
EndGlobal
